
Microsoft Visual Studio Solution File, Format Version 12.00
# Visual Studio 14
VisualStudioVersion = 14.0.23107.0
MinimumVisualStudioVersion = 10.0.40219.1
Project("{8BC9CEB8-8B4A-11D0-8D11-00A0C91BC942}") = "misc", "MISC\misc.vcxproj", "{227E5F8D-9F40-422A-BE53-E71402C9895E}"
EndProject
Project("{8BC9CEB8-8B4A-11D0-8D11-00A0C91BC942}") = "fix", "FIX\fix.vcxproj", "{4041F86E-68B0-474B-B8E9-89EF789E3805}"
EndProject
Project("{8BC9CEB8-8B4A-11D0-8D11-00A0C91BC942}") = "cfile", "CFILE\cfile.vcxproj", "{B520A039-D475-4BFE-89F0-3053F83911D8}"
EndProject
Project("{8BC9CEB8-8B4A-11D0-8D11-00A0C91BC942}") = "2d", "2D\2d.vcxproj", "{F7B28818-8A08-4ADD-B115-F348AF919192}"
EndProject
Project("{8BC9CEB8-8B4A-11D0-8D11-00A0C91BC942}") = "io", "BIOS\io.vcxproj", "{A6C9C331-5F87-4943-9F93-B52A76E25A17}"
EndProject
Project("{8BC9CEB8-8B4A-11D0-8D11-00A0C91BC942}") = "iff", "IFF\iff.vcxproj", "{21257554-4AA3-43C8-AD56-F7436B2E2702}"
EndProject
Project("{8BC9CEB8-8B4A-11D0-8D11-00A0C91BC942}") = "mem", "MEM\mem.vcxproj", "{B7610BAD-4E08-4B44-B892-529404C0F0DF}"
EndProject
Project("{8BC9CEB8-8B4A-11D0-8D11-00A0C91BC942}") = "vecmat", "VECMAT\vecmat.vcxproj", "{50644F36-5A55-45E0-9005-1D2D43DC8DB5}"
EndProject
Project("{8BC9CEB8-8B4A-11D0-8D11-00A0C91BC942}") = "3d", "3D\3d.vcxproj", "{5C821815-E3E4-4308-98A5-896BB3F71D5B}"
EndProject
Project("{8BC9CEB8-8B4A-11D0-8D11-00A0C91BC942}") = "texmap", "TEXMAP\texmap.vcxproj", "{85F2F37A-5488-4186-985B-C1DD7E9DC200}"
EndProject
Project("{8BC9CEB8-8B4A-11D0-8D11-00A0C91BC942}") = "ui", "UI\ui.vcxproj", "{73C68E32-0655-4809-B77E-F4B4274785F1}"
EndProject
Project("{8BC9CEB8-8B4A-11D0-8D11-00A0C91BC942}") = "main", "MAIN\main.vcxproj", "{7194C45B-C025-4BD6-9621-B7219D3BAB41}"
EndProject
Project("{8BC9CEB8-8B4A-11D0-8D11-00A0C91BC942}") = "editor", "MAIN\EDITOR\editor.vcxproj", "{D4C98DFC-B7E3-454A-8EB9-CB9720EDD657}"
EndProject
Project("{2150E333-8FDC-42A3-9474-1A3956D46DE8}") = "Solution Items", "Solution Items", "{B0AFB445-499B-419F-9E8F-BCA153A2F68E}"
	ProjectSection(SolutionItems) = preProject
		DisabledCrap.txt = DisabledCrap.txt
	EndProjectSection
EndProject
Global
	GlobalSection(SolutionConfigurationPlatforms) = preSolution
		Debug|Win32 = Debug|Win32
		Debug|x64 = Debug|x64
		Release|Win32 = Release|Win32
		Release|x64 = Release|x64
	EndGlobalSection
	GlobalSection(ProjectConfigurationPlatforms) = postSolution
		{227E5F8D-9F40-422A-BE53-E71402C9895E}.Debug|Win32.ActiveCfg = Debug|Win32
		{227E5F8D-9F40-422A-BE53-E71402C9895E}.Debug|Win32.Build.0 = Debug|Win32
		{227E5F8D-9F40-422A-BE53-E71402C9895E}.Debug|x64.ActiveCfg = Debug|x64
		{227E5F8D-9F40-422A-BE53-E71402C9895E}.Debug|x64.Build.0 = Debug|x64
		{227E5F8D-9F40-422A-BE53-E71402C9895E}.Release|Win32.ActiveCfg = Release|Win32
		{227E5F8D-9F40-422A-BE53-E71402C9895E}.Release|Win32.Build.0 = Release|Win32
		{227E5F8D-9F40-422A-BE53-E71402C9895E}.Release|x64.ActiveCfg = Release|x64
		{227E5F8D-9F40-422A-BE53-E71402C9895E}.Release|x64.Build.0 = Release|x64
		{4041F86E-68B0-474B-B8E9-89EF789E3805}.Debug|Win32.ActiveCfg = Debug|Win32
		{4041F86E-68B0-474B-B8E9-89EF789E3805}.Debug|Win32.Build.0 = Debug|Win32
		{4041F86E-68B0-474B-B8E9-89EF789E3805}.Debug|x64.ActiveCfg = Debug|x64
		{4041F86E-68B0-474B-B8E9-89EF789E3805}.Debug|x64.Build.0 = Debug|x64
		{4041F86E-68B0-474B-B8E9-89EF789E3805}.Release|Win32.ActiveCfg = Release|Win32
		{4041F86E-68B0-474B-B8E9-89EF789E3805}.Release|Win32.Build.0 = Release|Win32
		{4041F86E-68B0-474B-B8E9-89EF789E3805}.Release|x64.ActiveCfg = Release|x64
		{4041F86E-68B0-474B-B8E9-89EF789E3805}.Release|x64.Build.0 = Release|x64
		{B520A039-D475-4BFE-89F0-3053F83911D8}.Debug|Win32.ActiveCfg = Debug|Win32
		{B520A039-D475-4BFE-89F0-3053F83911D8}.Debug|Win32.Build.0 = Debug|Win32
		{B520A039-D475-4BFE-89F0-3053F83911D8}.Debug|x64.ActiveCfg = Debug|x64
		{B520A039-D475-4BFE-89F0-3053F83911D8}.Debug|x64.Build.0 = Debug|x64
		{B520A039-D475-4BFE-89F0-3053F83911D8}.Release|Win32.ActiveCfg = Release|Win32
		{B520A039-D475-4BFE-89F0-3053F83911D8}.Release|Win32.Build.0 = Release|Win32
		{B520A039-D475-4BFE-89F0-3053F83911D8}.Release|x64.ActiveCfg = Release|x64
		{B520A039-D475-4BFE-89F0-3053F83911D8}.Release|x64.Build.0 = Release|x64
		{F7B28818-8A08-4ADD-B115-F348AF919192}.Debug|Win32.ActiveCfg = Debug|Win32
		{F7B28818-8A08-4ADD-B115-F348AF919192}.Debug|Win32.Build.0 = Debug|Win32
		{F7B28818-8A08-4ADD-B115-F348AF919192}.Debug|x64.ActiveCfg = Debug|x64
		{F7B28818-8A08-4ADD-B115-F348AF919192}.Debug|x64.Build.0 = Debug|x64
		{F7B28818-8A08-4ADD-B115-F348AF919192}.Release|Win32.ActiveCfg = Release|Win32
		{F7B28818-8A08-4ADD-B115-F348AF919192}.Release|Win32.Build.0 = Release|Win32
		{F7B28818-8A08-4ADD-B115-F348AF919192}.Release|x64.ActiveCfg = Release|x64
		{F7B28818-8A08-4ADD-B115-F348AF919192}.Release|x64.Build.0 = Release|x64
		{A6C9C331-5F87-4943-9F93-B52A76E25A17}.Debug|Win32.ActiveCfg = Debug|Win32
		{A6C9C331-5F87-4943-9F93-B52A76E25A17}.Debug|Win32.Build.0 = Debug|Win32
		{A6C9C331-5F87-4943-9F93-B52A76E25A17}.Debug|x64.ActiveCfg = Debug|x64
		{A6C9C331-5F87-4943-9F93-B52A76E25A17}.Debug|x64.Build.0 = Debug|x64
		{A6C9C331-5F87-4943-9F93-B52A76E25A17}.Release|Win32.ActiveCfg = Release|Win32
		{A6C9C331-5F87-4943-9F93-B52A76E25A17}.Release|Win32.Build.0 = Release|Win32
		{A6C9C331-5F87-4943-9F93-B52A76E25A17}.Release|x64.ActiveCfg = Release|x64
		{A6C9C331-5F87-4943-9F93-B52A76E25A17}.Release|x64.Build.0 = Release|x64
		{21257554-4AA3-43C8-AD56-F7436B2E2702}.Debug|Win32.ActiveCfg = Debug|Win32
		{21257554-4AA3-43C8-AD56-F7436B2E2702}.Debug|Win32.Build.0 = Debug|Win32
		{21257554-4AA3-43C8-AD56-F7436B2E2702}.Debug|x64.ActiveCfg = Debug|x64
		{21257554-4AA3-43C8-AD56-F7436B2E2702}.Debug|x64.Build.0 = Debug|x64
		{21257554-4AA3-43C8-AD56-F7436B2E2702}.Release|Win32.ActiveCfg = Release|Win32
		{21257554-4AA3-43C8-AD56-F7436B2E2702}.Release|Win32.Build.0 = Release|Win32
		{21257554-4AA3-43C8-AD56-F7436B2E2702}.Release|x64.ActiveCfg = Release|x64
		{21257554-4AA3-43C8-AD56-F7436B2E2702}.Release|x64.Build.0 = Release|x64
		{B7610BAD-4E08-4B44-B892-529404C0F0DF}.Debug|Win32.ActiveCfg = Debug|Win32
		{B7610BAD-4E08-4B44-B892-529404C0F0DF}.Debug|Win32.Build.0 = Debug|Win32
		{B7610BAD-4E08-4B44-B892-529404C0F0DF}.Debug|x64.ActiveCfg = Debug|x64
		{B7610BAD-4E08-4B44-B892-529404C0F0DF}.Debug|x64.Build.0 = Debug|x64
		{B7610BAD-4E08-4B44-B892-529404C0F0DF}.Release|Win32.ActiveCfg = Release|Win32
		{B7610BAD-4E08-4B44-B892-529404C0F0DF}.Release|Win32.Build.0 = Release|Win32
		{B7610BAD-4E08-4B44-B892-529404C0F0DF}.Release|x64.ActiveCfg = Release|x64
		{B7610BAD-4E08-4B44-B892-529404C0F0DF}.Release|x64.Build.0 = Release|x64
		{50644F36-5A55-45E0-9005-1D2D43DC8DB5}.Debug|Win32.ActiveCfg = Debug|Win32
		{50644F36-5A55-45E0-9005-1D2D43DC8DB5}.Debug|Win32.Build.0 = Debug|Win32
		{50644F36-5A55-45E0-9005-1D2D43DC8DB5}.Debug|x64.ActiveCfg = Debug|x64
		{50644F36-5A55-45E0-9005-1D2D43DC8DB5}.Debug|x64.Build.0 = Debug|x64
		{50644F36-5A55-45E0-9005-1D2D43DC8DB5}.Release|Win32.ActiveCfg = Release|Win32
		{50644F36-5A55-45E0-9005-1D2D43DC8DB5}.Release|Win32.Build.0 = Release|Win32
		{50644F36-5A55-45E0-9005-1D2D43DC8DB5}.Release|x64.ActiveCfg = Release|x64
		{50644F36-5A55-45E0-9005-1D2D43DC8DB5}.Release|x64.Build.0 = Release|x64
		{5C821815-E3E4-4308-98A5-896BB3F71D5B}.Debug|Win32.ActiveCfg = Debug|Win32
		{5C821815-E3E4-4308-98A5-896BB3F71D5B}.Debug|Win32.Build.0 = Debug|Win32
		{5C821815-E3E4-4308-98A5-896BB3F71D5B}.Debug|x64.ActiveCfg = Debug|x64
		{5C821815-E3E4-4308-98A5-896BB3F71D5B}.Debug|x64.Build.0 = Debug|x64
		{5C821815-E3E4-4308-98A5-896BB3F71D5B}.Release|Win32.ActiveCfg = Release|Win32
		{5C821815-E3E4-4308-98A5-896BB3F71D5B}.Release|Win32.Build.0 = Release|Win32
		{5C821815-E3E4-4308-98A5-896BB3F71D5B}.Release|x64.ActiveCfg = Release|x64
		{5C821815-E3E4-4308-98A5-896BB3F71D5B}.Release|x64.Build.0 = Release|x64
		{85F2F37A-5488-4186-985B-C1DD7E9DC200}.Debug|Win32.ActiveCfg = Debug|Win32
		{85F2F37A-5488-4186-985B-C1DD7E9DC200}.Debug|Win32.Build.0 = Debug|Win32
		{85F2F37A-5488-4186-985B-C1DD7E9DC200}.Debug|x64.ActiveCfg = Debug|x64
		{85F2F37A-5488-4186-985B-C1DD7E9DC200}.Debug|x64.Build.0 = Debug|x64
		{85F2F37A-5488-4186-985B-C1DD7E9DC200}.Release|Win32.ActiveCfg = Release|Win32
		{85F2F37A-5488-4186-985B-C1DD7E9DC200}.Release|Win32.Build.0 = Release|Win32
		{85F2F37A-5488-4186-985B-C1DD7E9DC200}.Release|x64.ActiveCfg = Release|x64
		{85F2F37A-5488-4186-985B-C1DD7E9DC200}.Release|x64.Build.0 = Release|x64
		{73C68E32-0655-4809-B77E-F4B4274785F1}.Debug|Win32.ActiveCfg = Debug|Win32
		{73C68E32-0655-4809-B77E-F4B4274785F1}.Debug|Win32.Build.0 = Debug|Win32
		{73C68E32-0655-4809-B77E-F4B4274785F1}.Debug|x64.ActiveCfg = Debug|x64
		{73C68E32-0655-4809-B77E-F4B4274785F1}.Debug|x64.Build.0 = Debug|x64
		{73C68E32-0655-4809-B77E-F4B4274785F1}.Release|Win32.ActiveCfg = Release|Win32
		{73C68E32-0655-4809-B77E-F4B4274785F1}.Release|Win32.Build.0 = Release|Win32
		{73C68E32-0655-4809-B77E-F4B4274785F1}.Release|x64.ActiveCfg = Release|x64
		{73C68E32-0655-4809-B77E-F4B4274785F1}.Release|x64.Build.0 = Release|x64
		{7194C45B-C025-4BD6-9621-B7219D3BAB41}.Debug|Win32.ActiveCfg = Debug|Win32
		{7194C45B-C025-4BD6-9621-B7219D3BAB41}.Debug|Win32.Build.0 = Debug|Win32
		{7194C45B-C025-4BD6-9621-B7219D3BAB41}.Debug|x64.ActiveCfg = Debug|x64
		{7194C45B-C025-4BD6-9621-B7219D3BAB41}.Debug|x64.Build.0 = Debug|x64
		{7194C45B-C025-4BD6-9621-B7219D3BAB41}.Release|Win32.ActiveCfg = Release|Win32
		{7194C45B-C025-4BD6-9621-B7219D3BAB41}.Release|Win32.Build.0 = Release|Win32
		{7194C45B-C025-4BD6-9621-B7219D3BAB41}.Release|x64.ActiveCfg = Release|x64
		{7194C45B-C025-4BD6-9621-B7219D3BAB41}.Release|x64.Build.0 = Release|x64
		{D4C98DFC-B7E3-454A-8EB9-CB9720EDD657}.Debug|Win32.ActiveCfg = Debug|Win32
		{D4C98DFC-B7E3-454A-8EB9-CB9720EDD657}.Debug|Win32.Build.0 = Debug|Win32
		{D4C98DFC-B7E3-454A-8EB9-CB9720EDD657}.Debug|x64.ActiveCfg = Debug|x64
		{D4C98DFC-B7E3-454A-8EB9-CB9720EDD657}.Debug|x64.Build.0 = Debug|x64
		{D4C98DFC-B7E3-454A-8EB9-CB9720EDD657}.Release|Win32.ActiveCfg = Release|Win32
		{D4C98DFC-B7E3-454A-8EB9-CB9720EDD657}.Release|Win32.Build.0 = Release|Win32
		{D4C98DFC-B7E3-454A-8EB9-CB9720EDD657}.Release|x64.ActiveCfg = Release|x64
		{D4C98DFC-B7E3-454A-8EB9-CB9720EDD657}.Release|x64.Build.0 = Release|x64
	EndGlobalSection
	GlobalSection(SolutionProperties) = preSolution
		HideSolutionNode = FALSE
	EndGlobalSection
EndGlobal
